
Microsoft Visual Studio Solution File, Format Version 12.00
# Visual Studio 15
VisualStudioVersion = 15.0.28307.1082
MinimumVisualStudioVersion = 10.0.40219.1
Project("{FAE04EC0-301F-11D3-BF4B-00C04F79EFBC}") = "Chapter1", "Chapter1\Chapter1.csproj", "{46B7CC56-6921-40F0-B8AD-FCACE9109DB4}"
EndProject
Project("{FAE04EC0-301F-11D3-BF4B-00C04F79EFBC}") = "Chapter2", "Chapter2\Chapter2.csproj", "{4D64620D-6482-420B-B057-3CD644C28F8E}"
EndProject
Global
	GlobalSection(SolutionConfigurationPlatforms) = preSolution
		Debug|Any CPU = Debug|Any CPU
		Release|Any CPU = Release|Any CPU
	EndGlobalSection
	GlobalSection(ProjectConfigurationPlatforms) = postSolution
		{46B7CC56-6921-40F0-B8AD-FCACE9109DB4}.Debug|Any CPU.ActiveCfg = Debug|Any CPU
		{46B7CC56-6921-40F0-B8AD-FCACE9109DB4}.Debug|Any CPU.Build.0 = Debug|Any CPU
		{46B7CC56-6921-40F0-B8AD-FCACE9109DB4}.Release|Any CPU.ActiveCfg = Release|Any CPU
		{46B7CC56-6921-40F0-B8AD-FCACE9109DB4}.Release|Any CPU.Build.0 = Release|Any CPU
		{4D64620D-6482-420B-B057-3CD644C28F8E}.Debug|Any CPU.ActiveCfg = Debug|Any CPU
		{4D64620D-6482-420B-B057-3CD644C28F8E}.Debug|Any CPU.Build.0 = Debug|Any CPU
		{4D64620D-6482-420B-B057-3CD644C28F8E}.Release|Any CPU.ActiveCfg = Release|Any CPU
		{4D64620D-6482-420B-B057-3CD644C28F8E}.Release|Any CPU.Build.0 = Release|Any CPU
	EndGlobalSection
	GlobalSection(SolutionProperties) = preSolution
		HideSolutionNode = FALSE
	EndGlobalSection
	GlobalSection(ExtensibilityGlobals) = postSolution
		SolutionGuid = {AE517503-F848-45F9-BBB0-BF2DF9D7AA5F}
	EndGlobalSection
EndGlobal
