
Microsoft Visual Studio Solution File, Format Version 12.00
# Visual Studio 15
VisualStudioVersion = 15.0.28307.1082
MinimumVisualStudioVersion = 10.0.40219.1
Project("{FAE04EC0-301F-11D3-BF4B-00C04F79EFBC}") = "Picture01", "Picture01\Picture01.csproj", "{46B7CC56-6921-40F0-B8AD-FCACE9109DB4}"
EndProject
Project("{FAE04EC0-301F-11D3-BF4B-00C04F79EFBC}") = "Picture02", "Picture02\Picture02.csproj", "{4D64620D-6482-420B-B057-3CD644C28F8E}"
EndProject
Project("{FAE04EC0-301F-11D3-BF4B-00C04F79EFBC}") = "Picture03", "Picture03\Picture03.csproj", "{94AF46CF-0444-4A79-8DEC-988369515B31}"
EndProject
Project("{FAE04EC0-301F-11D3-BF4B-00C04F79EFBC}") = "Picture04", "Picture04\Picture04.csproj", "{DE63EEB3-0C96-4C62-A89F-8751BEB2D477}"
EndProject
Project("{FAE04EC0-301F-11D3-BF4B-00C04F79EFBC}") = "Picture05", "Picture05\Picture05.csproj", "{05B5BEFE-48DC-44BC-B9B9-A4042C155DF6}"
EndProject
Project("{FAE04EC0-301F-11D3-BF4B-00C04F79EFBC}") = "Picture06", "Picture06\Picture06.csproj", "{C83AD75B-2E5D-4162-B75F-1E396AC674AA}"
EndProject
Project("{FAE04EC0-301F-11D3-BF4B-00C04F79EFBC}") = "Picture07", "Picture07\Picture07.csproj", "{AC737B15-8D6A-4E13-85AE-EE10D964AFAA}"
EndProject
Project("{FAE04EC0-301F-11D3-BF4B-00C04F79EFBC}") = "Picture08", "Picture08\Picture08.csproj", "{F4B71872-CAF9-471A-A8CF-D799C6F8B1AF}"
EndProject
Project("{FAE04EC0-301F-11D3-BF4B-00C04F79EFBC}") = "Picture09", "Picture09\Picture09.csproj", "{979D2E4E-A759-4225-A16E-97C605F8B19D}"
EndProject
Project("{FAE04EC0-301F-11D3-BF4B-00C04F79EFBC}") = "Picture10", "Picture10\Picture10.csproj", "{626BB86F-DD0E-418B-9206-0A39F63C30DA}"
EndProject
Project("{FAE04EC0-301F-11D3-BF4B-00C04F79EFBC}") = "Picture11", "Picture11\Picture11.csproj", "{A1820FD5-C6CB-4931-BAF0-A8CA9BE93FD4}"
EndProject
Project("{FAE04EC0-301F-11D3-BF4B-00C04F79EFBC}") = "Picture12", "Picture12\Picture12.csproj", "{2940FB8C-37F5-460E-9011-C9C6754E5768}"
EndProject
Project("{FAE04EC0-301F-11D3-BF4B-00C04F79EFBC}") = "Picture13", "Picture13\Picture13.csproj", "{BAD23703-945F-4D77-978E-E537AEA151AD}"
EndProject
Project("{FAE04EC0-301F-11D3-BF4B-00C04F79EFBC}") = "Picture14", "Picture14\Picture14.csproj", "{552CFDE6-6E52-4578-B6FC-9A1A0928E54D}"
EndProject
Project("{FAE04EC0-301F-11D3-BF4B-00C04F79EFBC}") = "Picture15", "Picture15\Picture15.csproj", "{3C3BEE10-B856-4803-B255-1F616B7ACCE8}"
EndProject
Project("{FAE04EC0-301F-11D3-BF4B-00C04F79EFBC}") = "Picture16", "Picture16\Picture16.csproj", "{5B0BE357-69D1-4856-A99E-DD560A6F83A3}"
EndProject
Global
	GlobalSection(SolutionConfigurationPlatforms) = preSolution
		Debug|Any CPU = Debug|Any CPU
		Debug|x64 = Debug|x64
		Debug|x86 = Debug|x86
		Release|Any CPU = Release|Any CPU
		Release|x64 = Release|x64
		Release|x86 = Release|x86
	EndGlobalSection
	GlobalSection(ProjectConfigurationPlatforms) = postSolution
		{46B7CC56-6921-40F0-B8AD-FCACE9109DB4}.Debug|Any CPU.ActiveCfg = Debug|Any CPU
		{46B7CC56-6921-40F0-B8AD-FCACE9109DB4}.Debug|Any CPU.Build.0 = Debug|Any CPU
		{46B7CC56-6921-40F0-B8AD-FCACE9109DB4}.Debug|x64.ActiveCfg = Debug|Any CPU
		{46B7CC56-6921-40F0-B8AD-FCACE9109DB4}.Debug|x64.Build.0 = Debug|Any CPU
		{46B7CC56-6921-40F0-B8AD-FCACE9109DB4}.Debug|x86.ActiveCfg = Debug|Any CPU
		{46B7CC56-6921-40F0-B8AD-FCACE9109DB4}.Debug|x86.Build.0 = Debug|Any CPU
		{46B7CC56-6921-40F0-B8AD-FCACE9109DB4}.Release|Any CPU.ActiveCfg = Release|Any CPU
		{46B7CC56-6921-40F0-B8AD-FCACE9109DB4}.Release|Any CPU.Build.0 = Release|Any CPU
		{46B7CC56-6921-40F0-B8AD-FCACE9109DB4}.Release|x64.ActiveCfg = Release|Any CPU
		{46B7CC56-6921-40F0-B8AD-FCACE9109DB4}.Release|x64.Build.0 = Release|Any CPU
		{46B7CC56-6921-40F0-B8AD-FCACE9109DB4}.Release|x86.ActiveCfg = Release|Any CPU
		{46B7CC56-6921-40F0-B8AD-FCACE9109DB4}.Release|x86.Build.0 = Release|Any CPU
		{4D64620D-6482-420B-B057-3CD644C28F8E}.Debug|Any CPU.ActiveCfg = Debug|Any CPU
		{4D64620D-6482-420B-B057-3CD644C28F8E}.Debug|Any CPU.Build.0 = Debug|Any CPU
		{4D64620D-6482-420B-B057-3CD644C28F8E}.Debug|x64.ActiveCfg = Debug|Any CPU
		{4D64620D-6482-420B-B057-3CD644C28F8E}.Debug|x64.Build.0 = Debug|Any CPU
		{4D64620D-6482-420B-B057-3CD644C28F8E}.Debug|x86.ActiveCfg = Debug|Any CPU
		{4D64620D-6482-420B-B057-3CD644C28F8E}.Debug|x86.Build.0 = Debug|Any CPU
		{4D64620D-6482-420B-B057-3CD644C28F8E}.Release|Any CPU.ActiveCfg = Release|Any CPU
		{4D64620D-6482-420B-B057-3CD644C28F8E}.Release|Any CPU.Build.0 = Release|Any CPU
		{4D64620D-6482-420B-B057-3CD644C28F8E}.Release|x64.ActiveCfg = Release|Any CPU
		{4D64620D-6482-420B-B057-3CD644C28F8E}.Release|x64.Build.0 = Release|Any CPU
		{4D64620D-6482-420B-B057-3CD644C28F8E}.Release|x86.ActiveCfg = Release|Any CPU
		{4D64620D-6482-420B-B057-3CD644C28F8E}.Release|x86.Build.0 = Release|Any CPU
		{94AF46CF-0444-4A79-8DEC-988369515B31}.Debug|Any CPU.ActiveCfg = Debug|Any CPU
		{94AF46CF-0444-4A79-8DEC-988369515B31}.Debug|Any CPU.Build.0 = Debug|Any CPU
		{94AF46CF-0444-4A79-8DEC-988369515B31}.Debug|x64.ActiveCfg = Debug|Any CPU
		{94AF46CF-0444-4A79-8DEC-988369515B31}.Debug|x64.Build.0 = Debug|Any CPU
		{94AF46CF-0444-4A79-8DEC-988369515B31}.Debug|x86.ActiveCfg = Debug|Any CPU
		{94AF46CF-0444-4A79-8DEC-988369515B31}.Debug|x86.Build.0 = Debug|Any CPU
		{94AF46CF-0444-4A79-8DEC-988369515B31}.Release|Any CPU.ActiveCfg = Release|Any CPU
		{94AF46CF-0444-4A79-8DEC-988369515B31}.Release|Any CPU.Build.0 = Release|Any CPU
		{94AF46CF-0444-4A79-8DEC-988369515B31}.Release|x64.ActiveCfg = Release|Any CPU
		{94AF46CF-0444-4A79-8DEC-988369515B31}.Release|x64.Build.0 = Release|Any CPU
		{94AF46CF-0444-4A79-8DEC-988369515B31}.Release|x86.ActiveCfg = Release|Any CPU
		{94AF46CF-0444-4A79-8DEC-988369515B31}.Release|x86.Build.0 = Release|Any CPU
		{DE63EEB3-0C96-4C62-A89F-8751BEB2D477}.Debug|Any CPU.ActiveCfg = Debug|Any CPU
		{DE63EEB3-0C96-4C62-A89F-8751BEB2D477}.Debug|Any CPU.Build.0 = Debug|Any CPU
		{DE63EEB3-0C96-4C62-A89F-8751BEB2D477}.Debug|x64.ActiveCfg = Debug|Any CPU
		{DE63EEB3-0C96-4C62-A89F-8751BEB2D477}.Debug|x64.Build.0 = Debug|Any CPU
		{DE63EEB3-0C96-4C62-A89F-8751BEB2D477}.Debug|x86.ActiveCfg = Debug|Any CPU
		{DE63EEB3-0C96-4C62-A89F-8751BEB2D477}.Debug|x86.Build.0 = Debug|Any CPU
		{DE63EEB3-0C96-4C62-A89F-8751BEB2D477}.Release|Any CPU.ActiveCfg = Release|Any CPU
		{DE63EEB3-0C96-4C62-A89F-8751BEB2D477}.Release|Any CPU.Build.0 = Release|Any CPU
		{DE63EEB3-0C96-4C62-A89F-8751BEB2D477}.Release|x64.ActiveCfg = Release|Any CPU
		{DE63EEB3-0C96-4C62-A89F-8751BEB2D477}.Release|x64.Build.0 = Release|Any CPU
		{DE63EEB3-0C96-4C62-A89F-8751BEB2D477}.Release|x86.ActiveCfg = Release|Any CPU
		{DE63EEB3-0C96-4C62-A89F-8751BEB2D477}.Release|x86.Build.0 = Release|Any CPU
		{05B5BEFE-48DC-44BC-B9B9-A4042C155DF6}.Debug|Any CPU.ActiveCfg = Debug|Any CPU
		{05B5BEFE-48DC-44BC-B9B9-A4042C155DF6}.Debug|Any CPU.Build.0 = Debug|Any CPU
		{05B5BEFE-48DC-44BC-B9B9-A4042C155DF6}.Debug|x64.ActiveCfg = Debug|Any CPU
		{05B5BEFE-48DC-44BC-B9B9-A4042C155DF6}.Debug|x64.Build.0 = Debug|Any CPU
		{05B5BEFE-48DC-44BC-B9B9-A4042C155DF6}.Debug|x86.ActiveCfg = Debug|Any CPU
		{05B5BEFE-48DC-44BC-B9B9-A4042C155DF6}.Debug|x86.Build.0 = Debug|Any CPU
		{05B5BEFE-48DC-44BC-B9B9-A4042C155DF6}.Release|Any CPU.ActiveCfg = Release|Any CPU
		{05B5BEFE-48DC-44BC-B9B9-A4042C155DF6}.Release|Any CPU.Build.0 = Release|Any CPU
		{05B5BEFE-48DC-44BC-B9B9-A4042C155DF6}.Release|x64.ActiveCfg = Release|Any CPU
		{05B5BEFE-48DC-44BC-B9B9-A4042C155DF6}.Release|x64.Build.0 = Release|Any CPU
		{05B5BEFE-48DC-44BC-B9B9-A4042C155DF6}.Release|x86.ActiveCfg = Release|Any CPU
		{05B5BEFE-48DC-44BC-B9B9-A4042C155DF6}.Release|x86.Build.0 = Release|Any CPU
		{C83AD75B-2E5D-4162-B75F-1E396AC674AA}.Debug|Any CPU.ActiveCfg = Debug|Any CPU
		{C83AD75B-2E5D-4162-B75F-1E396AC674AA}.Debug|Any CPU.Build.0 = Debug|Any CPU
		{C83AD75B-2E5D-4162-B75F-1E396AC674AA}.Debug|x64.ActiveCfg = Debug|Any CPU
		{C83AD75B-2E5D-4162-B75F-1E396AC674AA}.Debug|x64.Build.0 = Debug|Any CPU
		{C83AD75B-2E5D-4162-B75F-1E396AC674AA}.Debug|x86.ActiveCfg = Debug|Any CPU
		{C83AD75B-2E5D-4162-B75F-1E396AC674AA}.Debug|x86.Build.0 = Debug|Any CPU
		{C83AD75B-2E5D-4162-B75F-1E396AC674AA}.Release|Any CPU.ActiveCfg = Release|Any CPU
		{C83AD75B-2E5D-4162-B75F-1E396AC674AA}.Release|Any CPU.Build.0 = Release|Any CPU
		{C83AD75B-2E5D-4162-B75F-1E396AC674AA}.Release|x64.ActiveCfg = Release|Any CPU
		{C83AD75B-2E5D-4162-B75F-1E396AC674AA}.Release|x64.Build.0 = Release|Any CPU
		{C83AD75B-2E5D-4162-B75F-1E396AC674AA}.Release|x86.ActiveCfg = Release|Any CPU
		{C83AD75B-2E5D-4162-B75F-1E396AC674AA}.Release|x86.Build.0 = Release|Any CPU
		{AC737B15-8D6A-4E13-85AE-EE10D964AFAA}.Debug|Any CPU.ActiveCfg = Debug|Any CPU
		{AC737B15-8D6A-4E13-85AE-EE10D964AFAA}.Debug|Any CPU.Build.0 = Debug|Any CPU
		{AC737B15-8D6A-4E13-85AE-EE10D964AFAA}.Debug|x64.ActiveCfg = Debug|Any CPU
		{AC737B15-8D6A-4E13-85AE-EE10D964AFAA}.Debug|x64.Build.0 = Debug|Any CPU
		{AC737B15-8D6A-4E13-85AE-EE10D964AFAA}.Debug|x86.ActiveCfg = Debug|Any CPU
		{AC737B15-8D6A-4E13-85AE-EE10D964AFAA}.Debug|x86.Build.0 = Debug|Any CPU
		{AC737B15-8D6A-4E13-85AE-EE10D964AFAA}.Release|Any CPU.ActiveCfg = Release|Any CPU
		{AC737B15-8D6A-4E13-85AE-EE10D964AFAA}.Release|Any CPU.Build.0 = Release|Any CPU
		{AC737B15-8D6A-4E13-85AE-EE10D964AFAA}.Release|x64.ActiveCfg = Release|Any CPU
		{AC737B15-8D6A-4E13-85AE-EE10D964AFAA}.Release|x64.Build.0 = Release|Any CPU
		{AC737B15-8D6A-4E13-85AE-EE10D964AFAA}.Release|x86.ActiveCfg = Release|Any CPU
		{AC737B15-8D6A-4E13-85AE-EE10D964AFAA}.Release|x86.Build.0 = Release|Any CPU
		{F4B71872-CAF9-471A-A8CF-D799C6F8B1AF}.Debug|Any CPU.ActiveCfg = Debug|Any CPU
		{F4B71872-CAF9-471A-A8CF-D799C6F8B1AF}.Debug|Any CPU.Build.0 = Debug|Any CPU
		{F4B71872-CAF9-471A-A8CF-D799C6F8B1AF}.Debug|x64.ActiveCfg = Debug|Any CPU
		{F4B71872-CAF9-471A-A8CF-D799C6F8B1AF}.Debug|x64.Build.0 = Debug|Any CPU
		{F4B71872-CAF9-471A-A8CF-D799C6F8B1AF}.Debug|x86.ActiveCfg = Debug|Any CPU
		{F4B71872-CAF9-471A-A8CF-D799C6F8B1AF}.Debug|x86.Build.0 = Debug|Any CPU
		{F4B71872-CAF9-471A-A8CF-D799C6F8B1AF}.Release|Any CPU.ActiveCfg = Release|Any CPU
		{F4B71872-CAF9-471A-A8CF-D799C6F8B1AF}.Release|Any CPU.Build.0 = Release|Any CPU
		{F4B71872-CAF9-471A-A8CF-D799C6F8B1AF}.Release|x64.ActiveCfg = Release|Any CPU
		{F4B71872-CAF9-471A-A8CF-D799C6F8B1AF}.Release|x64.Build.0 = Release|Any CPU
		{F4B71872-CAF9-471A-A8CF-D799C6F8B1AF}.Release|x86.ActiveCfg = Release|Any CPU
		{F4B71872-CAF9-471A-A8CF-D799C6F8B1AF}.Release|x86.Build.0 = Release|Any CPU
		{979D2E4E-A759-4225-A16E-97C605F8B19D}.Debug|Any CPU.ActiveCfg = Debug|Any CPU
		{979D2E4E-A759-4225-A16E-97C605F8B19D}.Debug|Any CPU.Build.0 = Debug|Any CPU
		{979D2E4E-A759-4225-A16E-97C605F8B19D}.Debug|x64.ActiveCfg = Debug|Any CPU
		{979D2E4E-A759-4225-A16E-97C605F8B19D}.Debug|x64.Build.0 = Debug|Any CPU
		{979D2E4E-A759-4225-A16E-97C605F8B19D}.Debug|x86.ActiveCfg = Debug|Any CPU
		{979D2E4E-A759-4225-A16E-97C605F8B19D}.Debug|x86.Build.0 = Debug|Any CPU
		{979D2E4E-A759-4225-A16E-97C605F8B19D}.Release|Any CPU.ActiveCfg = Release|Any CPU
		{979D2E4E-A759-4225-A16E-97C605F8B19D}.Release|Any CPU.Build.0 = Release|Any CPU
		{979D2E4E-A759-4225-A16E-97C605F8B19D}.Release|x64.ActiveCfg = Release|Any CPU
		{979D2E4E-A759-4225-A16E-97C605F8B19D}.Release|x64.Build.0 = Release|Any CPU
		{979D2E4E-A759-4225-A16E-97C605F8B19D}.Release|x86.ActiveCfg = Release|Any CPU
		{979D2E4E-A759-4225-A16E-97C605F8B19D}.Release|x86.Build.0 = Release|Any CPU
		{626BB86F-DD0E-418B-9206-0A39F63C30DA}.Debug|Any CPU.ActiveCfg = Debug|Any CPU
		{626BB86F-DD0E-418B-9206-0A39F63C30DA}.Debug|Any CPU.Build.0 = Debug|Any CPU
		{626BB86F-DD0E-418B-9206-0A39F63C30DA}.Debug|x64.ActiveCfg = Debug|Any CPU
		{626BB86F-DD0E-418B-9206-0A39F63C30DA}.Debug|x64.Build.0 = Debug|Any CPU
		{626BB86F-DD0E-418B-9206-0A39F63C30DA}.Debug|x86.ActiveCfg = Debug|Any CPU
		{626BB86F-DD0E-418B-9206-0A39F63C30DA}.Debug|x86.Build.0 = Debug|Any CPU
		{626BB86F-DD0E-418B-9206-0A39F63C30DA}.Release|Any CPU.ActiveCfg = Release|Any CPU
		{626BB86F-DD0E-418B-9206-0A39F63C30DA}.Release|Any CPU.Build.0 = Release|Any CPU
		{626BB86F-DD0E-418B-9206-0A39F63C30DA}.Release|x64.ActiveCfg = Release|Any CPU
		{626BB86F-DD0E-418B-9206-0A39F63C30DA}.Release|x64.Build.0 = Release|Any CPU
		{626BB86F-DD0E-418B-9206-0A39F63C30DA}.Release|x86.ActiveCfg = Release|Any CPU
		{626BB86F-DD0E-418B-9206-0A39F63C30DA}.Release|x86.Build.0 = Release|Any CPU
		{A1820FD5-C6CB-4931-BAF0-A8CA9BE93FD4}.Debug|Any CPU.ActiveCfg = Debug|Any CPU
		{A1820FD5-C6CB-4931-BAF0-A8CA9BE93FD4}.Debug|Any CPU.Build.0 = Debug|Any CPU
		{A1820FD5-C6CB-4931-BAF0-A8CA9BE93FD4}.Debug|x64.ActiveCfg = Debug|Any CPU
		{A1820FD5-C6CB-4931-BAF0-A8CA9BE93FD4}.Debug|x64.Build.0 = Debug|Any CPU
		{A1820FD5-C6CB-4931-BAF0-A8CA9BE93FD4}.Debug|x86.ActiveCfg = Debug|Any CPU
		{A1820FD5-C6CB-4931-BAF0-A8CA9BE93FD4}.Debug|x86.Build.0 = Debug|Any CPU
		{A1820FD5-C6CB-4931-BAF0-A8CA9BE93FD4}.Release|Any CPU.ActiveCfg = Release|Any CPU
		{A1820FD5-C6CB-4931-BAF0-A8CA9BE93FD4}.Release|Any CPU.Build.0 = Release|Any CPU
		{A1820FD5-C6CB-4931-BAF0-A8CA9BE93FD4}.Release|x64.ActiveCfg = Release|Any CPU
		{A1820FD5-C6CB-4931-BAF0-A8CA9BE93FD4}.Release|x64.Build.0 = Release|Any CPU
		{A1820FD5-C6CB-4931-BAF0-A8CA9BE93FD4}.Release|x86.ActiveCfg = Release|Any CPU
		{A1820FD5-C6CB-4931-BAF0-A8CA9BE93FD4}.Release|x86.Build.0 = Release|Any CPU
		{2940FB8C-37F5-460E-9011-C9C6754E5768}.Debug|Any CPU.ActiveCfg = Debug|Any CPU
		{2940FB8C-37F5-460E-9011-C9C6754E5768}.Debug|Any CPU.Build.0 = Debug|Any CPU
		{2940FB8C-37F5-460E-9011-C9C6754E5768}.Debug|x64.ActiveCfg = Debug|Any CPU
		{2940FB8C-37F5-460E-9011-C9C6754E5768}.Debug|x64.Build.0 = Debug|Any CPU
		{2940FB8C-37F5-460E-9011-C9C6754E5768}.Debug|x86.ActiveCfg = Debug|Any CPU
		{2940FB8C-37F5-460E-9011-C9C6754E5768}.Debug|x86.Build.0 = Debug|Any CPU
		{2940FB8C-37F5-460E-9011-C9C6754E5768}.Release|Any CPU.ActiveCfg = Release|Any CPU
		{2940FB8C-37F5-460E-9011-C9C6754E5768}.Release|Any CPU.Build.0 = Release|Any CPU
		{2940FB8C-37F5-460E-9011-C9C6754E5768}.Release|x64.ActiveCfg = Release|Any CPU
		{2940FB8C-37F5-460E-9011-C9C6754E5768}.Release|x64.Build.0 = Release|Any CPU
		{2940FB8C-37F5-460E-9011-C9C6754E5768}.Release|x86.ActiveCfg = Release|Any CPU
		{2940FB8C-37F5-460E-9011-C9C6754E5768}.Release|x86.Build.0 = Release|Any CPU
		{BAD23703-945F-4D77-978E-E537AEA151AD}.Debug|Any CPU.ActiveCfg = Debug|Any CPU
		{BAD23703-945F-4D77-978E-E537AEA151AD}.Debug|Any CPU.Build.0 = Debug|Any CPU
		{BAD23703-945F-4D77-978E-E537AEA151AD}.Debug|x64.ActiveCfg = Debug|Any CPU
		{BAD23703-945F-4D77-978E-E537AEA151AD}.Debug|x64.Build.0 = Debug|Any CPU
		{BAD23703-945F-4D77-978E-E537AEA151AD}.Debug|x86.ActiveCfg = Debug|Any CPU
		{BAD23703-945F-4D77-978E-E537AEA151AD}.Debug|x86.Build.0 = Debug|Any CPU
		{BAD23703-945F-4D77-978E-E537AEA151AD}.Release|Any CPU.ActiveCfg = Release|Any CPU
		{BAD23703-945F-4D77-978E-E537AEA151AD}.Release|Any CPU.Build.0 = Release|Any CPU
		{BAD23703-945F-4D77-978E-E537AEA151AD}.Release|x64.ActiveCfg = Release|Any CPU
		{BAD23703-945F-4D77-978E-E537AEA151AD}.Release|x64.Build.0 = Release|Any CPU
		{BAD23703-945F-4D77-978E-E537AEA151AD}.Release|x86.ActiveCfg = Release|Any CPU
		{BAD23703-945F-4D77-978E-E537AEA151AD}.Release|x86.Build.0 = Release|Any CPU
		{552CFDE6-6E52-4578-B6FC-9A1A0928E54D}.Debug|Any CPU.ActiveCfg = Debug|Any CPU
		{552CFDE6-6E52-4578-B6FC-9A1A0928E54D}.Debug|Any CPU.Build.0 = Debug|Any CPU
		{552CFDE6-6E52-4578-B6FC-9A1A0928E54D}.Debug|x64.ActiveCfg = Debug|Any CPU
		{552CFDE6-6E52-4578-B6FC-9A1A0928E54D}.Debug|x64.Build.0 = Debug|Any CPU
		{552CFDE6-6E52-4578-B6FC-9A1A0928E54D}.Debug|x86.ActiveCfg = Debug|x86
		{552CFDE6-6E52-4578-B6FC-9A1A0928E54D}.Debug|x86.Build.0 = Debug|x86
		{552CFDE6-6E52-4578-B6FC-9A1A0928E54D}.Release|Any CPU.ActiveCfg = Release|Any CPU
		{552CFDE6-6E52-4578-B6FC-9A1A0928E54D}.Release|Any CPU.Build.0 = Release|Any CPU
		{552CFDE6-6E52-4578-B6FC-9A1A0928E54D}.Release|x64.ActiveCfg = Debug|x64
		{552CFDE6-6E52-4578-B6FC-9A1A0928E54D}.Release|x64.Build.0 = Debug|x64
		{552CFDE6-6E52-4578-B6FC-9A1A0928E54D}.Release|x86.ActiveCfg = Release|x86
		{552CFDE6-6E52-4578-B6FC-9A1A0928E54D}.Release|x86.Build.0 = Release|x86
		{3C3BEE10-B856-4803-B255-1F616B7ACCE8}.Debug|Any CPU.ActiveCfg = Debug|Any CPU
		{3C3BEE10-B856-4803-B255-1F616B7ACCE8}.Debug|Any CPU.Build.0 = Debug|Any CPU
		{3C3BEE10-B856-4803-B255-1F616B7ACCE8}.Debug|x64.ActiveCfg = Debug|Any CPU
		{3C3BEE10-B856-4803-B255-1F616B7ACCE8}.Debug|x64.Build.0 = Debug|Any CPU
		{3C3BEE10-B856-4803-B255-1F616B7ACCE8}.Debug|x86.ActiveCfg = Debug|Any CPU
		{3C3BEE10-B856-4803-B255-1F616B7ACCE8}.Debug|x86.Build.0 = Debug|Any CPU
		{3C3BEE10-B856-4803-B255-1F616B7ACCE8}.Release|Any CPU.ActiveCfg = Release|Any CPU
		{3C3BEE10-B856-4803-B255-1F616B7ACCE8}.Release|Any CPU.Build.0 = Release|Any CPU
		{3C3BEE10-B856-4803-B255-1F616B7ACCE8}.Release|x64.ActiveCfg = Release|Any CPU
		{3C3BEE10-B856-4803-B255-1F616B7ACCE8}.Release|x64.Build.0 = Release|Any CPU
		{3C3BEE10-B856-4803-B255-1F616B7ACCE8}.Release|x86.ActiveCfg = Release|Any CPU
		{3C3BEE10-B856-4803-B255-1F616B7ACCE8}.Release|x86.Build.0 = Release|Any CPU
		{5B0BE357-69D1-4856-A99E-DD560A6F83A3}.Debug|Any CPU.ActiveCfg = Debug|Any CPU
		{5B0BE357-69D1-4856-A99E-DD560A6F83A3}.Debug|Any CPU.Build.0 = Debug|Any CPU
		{5B0BE357-69D1-4856-A99E-DD560A6F83A3}.Debug|x64.ActiveCfg = Debug|Any CPU
		{5B0BE357-69D1-4856-A99E-DD560A6F83A3}.Debug|x64.Build.0 = Debug|Any CPU
		{5B0BE357-69D1-4856-A99E-DD560A6F83A3}.Debug|x86.ActiveCfg = Debug|Any CPU
		{5B0BE357-69D1-4856-A99E-DD560A6F83A3}.Debug|x86.Build.0 = Debug|Any CPU
		{5B0BE357-69D1-4856-A99E-DD560A6F83A3}.Release|Any CPU.ActiveCfg = Release|Any CPU
		{5B0BE357-69D1-4856-A99E-DD560A6F83A3}.Release|Any CPU.Build.0 = Release|Any CPU
		{5B0BE357-69D1-4856-A99E-DD560A6F83A3}.Release|x64.ActiveCfg = Release|Any CPU
		{5B0BE357-69D1-4856-A99E-DD560A6F83A3}.Release|x64.Build.0 = Release|Any CPU
		{5B0BE357-69D1-4856-A99E-DD560A6F83A3}.Release|x86.ActiveCfg = Release|Any CPU
		{5B0BE357-69D1-4856-A99E-DD560A6F83A3}.Release|x86.Build.0 = Release|Any CPU
	EndGlobalSection
	GlobalSection(SolutionProperties) = preSolution
		HideSolutionNode = FALSE
	EndGlobalSection
	GlobalSection(ExtensibilityGlobals) = postSolution
		SolutionGuid = {AE517503-F848-45F9-BBB0-BF2DF9D7AA5F}
	EndGlobalSection
EndGlobal
